// !$*UTF8*$!
{
	archiveVersion = 1;
	classes = {
	};
	objectVersion = 46;
	objects = {

/* Begin PBXBuildFile section */
		752BF56818E9F4010055E450 /* Iphone5S.MP4 in Resources */ = {isa = PBXBuildFile; fileRef = 752BF56218E9F4010055E450 /* Iphone5S.MP4 */; };
		752BF56A18E9F4010055E450 /* LightsOutWhosThere.MP4 in Resources */ = {isa = PBXBuildFile; fileRef = 752BF56418E9F4010055E450 /* LightsOutWhosThere.MP4 */; };
		752BF56B18E9F4010055E450 /* Narwhals.MP4 in Resources */ = {isa = PBXBuildFile; fileRef = 752BF56518E9F4010055E450 /* Narwhals.MP4 */; };
		752BF56C18E9F4010055E450 /* TartarugasNinja.MP4 in Resources */ = {isa = PBXBuildFile; fileRef = 752BF56618E9F4010055E450 /* TartarugasNinja.MP4 */; };
		752BF56D18E9F4010055E450 /* Videos.txt in Resources */ = {isa = PBXBuildFile; fileRef = 752BF56718E9F4010055E450 /* Videos.txt */; };
		752F81C918EB2F9F003AA465 /* MediaPlayer.framework in Frameworks */ = {isa = PBXBuildFile; fileRef = 752F81C818EB2F9F003AA465 /* MediaPlayer.framework */; };
		752F81CC18EB4468003AA465 /* seta_mais.png in Resources */ = {isa = PBXBuildFile; fileRef = 752F81CA18EB4468003AA465 /* seta_mais.png */; };
		752F81CD18EB4468003AA465 /* seta_menos.png in Resources */ = {isa = PBXBuildFile; fileRef = 752F81CB18EB4468003AA465 /* seta_menos.png */; };
		7557EAF618E34A8000EFC208 /* Video.m in Sources */ = {isa = PBXBuildFile; fileRef = 7557EAF518E34A8000EFC208 /* Video.m */; };
		7557EAF918E34F4E00EFC208 /* Player.m in Sources */ = {isa = PBXBuildFile; fileRef = 7557EAF818E34F4E00EFC208 /* Player.m */; };
		7557EAFB18E34FA600EFC208 /* AVFoundation.framework in Frameworks */ = {isa = PBXBuildFile; fileRef = 7557EAFA18E34FA600EFC208 /* AVFoundation.framework */; };
		7557EAFD18E3695600EFC208 /* estacoes.txt in Resources */ = {isa = PBXBuildFile; fileRef = 7557EAFC18E3695600EFC208 /* estacoes.txt */; };
		9436CE2A18EC8994007266C3 /* GestoCircular.m in Sources */ = {isa = PBXBuildFile; fileRef = 9436CE2918EC8994007266C3 /* GestoCircular.m */; };
		9436CE2D18EC8AE9007266C3 /* RadioViewController.m in Sources */ = {isa = PBXBuildFile; fileRef = 9436CE2C18EC8AE9007266C3 /* RadioViewController.m */; };
		9436CE3118EC969C007266C3 /* chiado.mp3 in Resources */ = {isa = PBXBuildFile; fileRef = 9436CE2F18EC969C007266C3 /* chiado.mp3 */; };
		9436CE3218EC969C007266C3 /* procurando.mp3 in Resources */ = {isa = PBXBuildFile; fileRef = 9436CE3018EC969C007266C3 /* procurando.mp3 */; };
		9457213818E345F3004F5496 /* Foundation.framework in Frameworks */ = {isa = PBXBuildFile; fileRef = 9457213718E345F3004F5496 /* Foundation.framework */; };
		9457213A18E345F3004F5496 /* CoreGraphics.framework in Frameworks */ = {isa = PBXBuildFile; fileRef = 9457213918E345F3004F5496 /* CoreGraphics.framework */; };
		9457213C18E345F3004F5496 /* UIKit.framework in Frameworks */ = {isa = PBXBuildFile; fileRef = 9457213B18E345F3004F5496 /* UIKit.framework */; };
		9457214218E345F3004F5496 /* InfoPlist.strings in Resources */ = {isa = PBXBuildFile; fileRef = 9457214018E345F3004F5496 /* InfoPlist.strings */; };
		9457214418E345F3004F5496 /* main.m in Sources */ = {isa = PBXBuildFile; fileRef = 9457214318E345F3004F5496 /* main.m */; };
		9457214818E345F3004F5496 /* AppDelegate.m in Sources */ = {isa = PBXBuildFile; fileRef = 9457214718E345F3004F5496 /* AppDelegate.m */; };
		9457214E18E345F3004F5496 /* ViewController.m in Sources */ = {isa = PBXBuildFile; fileRef = 9457214D18E345F3004F5496 /* ViewController.m */; };
		9457215018E345F3004F5496 /* Images.xcassets in Resources */ = {isa = PBXBuildFile; fileRef = 9457214F18E345F3004F5496 /* Images.xcassets */; };
		9457215718E345F3004F5496 /* XCTest.framework in Frameworks */ = {isa = PBXBuildFile; fileRef = 9457215618E345F3004F5496 /* XCTest.framework */; };
		9457215818E345F3004F5496 /* Foundation.framework in Frameworks */ = {isa = PBXBuildFile; fileRef = 9457213718E345F3004F5496 /* Foundation.framework */; };
		9457215918E345F3004F5496 /* UIKit.framework in Frameworks */ = {isa = PBXBuildFile; fileRef = 9457213B18E345F3004F5496 /* UIKit.framework */; };
		9457216118E345F3004F5496 /* InfoPlist.strings in Resources */ = {isa = PBXBuildFile; fileRef = 9457215F18E345F3004F5496 /* InfoPlist.strings */; };
		9457216318E345F3004F5496 /* Raidinho_Proj1Tests.m in Sources */ = {isa = PBXBuildFile; fileRef = 9457216218E345F3004F5496 /* Raidinho_Proj1Tests.m */; };
		9457216E18E34A27004F5496 /* Estacao.m in Sources */ = {isa = PBXBuildFile; fileRef = 9457216D18E34A27004F5496 /* Estacao.m */; };
		9457217418E350DD004F5496 /* GestoEmL.m in Sources */ = {isa = PBXBuildFile; fileRef = 9457217318E350DD004F5496 /* GestoEmL.m */; };
		CD2486D918EC9FC5004BF507 /* icon.png in Resources */ = {isa = PBXBuildFile; fileRef = CD2486D618EC9FC5004BF507 /* icon.png */; };
		CD2486DD18ECA2CE004BF507 /* play.png in Resources */ = {isa = PBXBuildFile; fileRef = CD2486DC18ECA2CE004BF507 /* play.png */; };
		CD2486DF18ECAA59004BF507 /* titulo.png in Resources */ = {isa = PBXBuildFile; fileRef = CD2486DE18ECAA59004BF507 /* titulo.png */; };
		CD73031618EA07B1002C659F /* circleGesure.png in Resources */ = {isa = PBXBuildFile; fileRef = CD73031018EA07B1002C659F /* circleGesure.png */; };
		CD73031718EA07B1002C659F /* doubleTap.png in Resources */ = {isa = PBXBuildFile; fileRef = CD73031118EA07B1002C659F /* doubleTap.png */; };
		CD73031818EA07B1002C659F /* longGesture.png in Resources */ = {isa = PBXBuildFile; fileRef = CD73031218EA07B1002C659F /* longGesture.png */; };
		CD73031918EA07B1002C659F /* seta_voltar.png in Resources */ = {isa = PBXBuildFile; fileRef = CD73031318EA07B1002C659F /* seta_voltar.png */; };
		CD73031A18EA07B1002C659F /* singleTap.png in Resources */ = {isa = PBXBuildFile; fileRef = CD73031418EA07B1002C659F /* singleTap.png */; };
		CD73031B18EA07B1002C659F /* squareGesure.png in Resources */ = {isa = PBXBuildFile; fileRef = CD73031518EA07B1002C659F /* squareGesure.png */; };
		CDF485E218E61D53001A7F45 /* botao.png in Resources */ = {isa = PBXBuildFile; fileRef = CDF485DD18E61D53001A7F45 /* botao.png */; };
		CDF485E318E61D53001A7F45 /* caixa_btns.png in Resources */ = {isa = PBXBuildFile; fileRef = CDF485DE18E61D53001A7F45 /* caixa_btns.png */; };
		CDF485E418E61D53001A7F45 /* caixa_titulo.png in Resources */ = {isa = PBXBuildFile; fileRef = CDF485DF18E61D53001A7F45 /* caixa_titulo.png */; };
		CDF485E518E61D53001A7F45 /* fundo.png in Resources */ = {isa = PBXBuildFile; fileRef = CDF485E018E61D53001A7F45 /* fundo.png */; };
		CDF485E618E61D53001A7F45 /* meio.png in Resources */ = {isa = PBXBuildFile; fileRef = CDF485E118E61D53001A7F45 /* meio.png */; };
		CDF485EA18E61E18001A7F45 /* Main.storyboard in Resources */ = {isa = PBXBuildFile; fileRef = CDF485E918E61E18001A7F45 /* Main.storyboard */; };
/* End PBXBuildFile section */

/* Begin PBXContainerItemProxy section */
		9457215A18E345F3004F5496 /* PBXContainerItemProxy */ = {
			isa = PBXContainerItemProxy;
			containerPortal = 9457212C18E345F3004F5496 /* Project object */;
			proxyType = 1;
			remoteGlobalIDString = 9457213318E345F3004F5496;
			remoteInfo = "Raidinho Proj1";
		};
/* End PBXContainerItemProxy section */

/* Begin PBXFileReference section */
		752BF56218E9F4010055E450 /* Iphone5S.MP4 */ = {isa = PBXFileReference; lastKnownFileType = file; path = Iphone5S.MP4; sourceTree = "<group>"; };
		752BF56418E9F4010055E450 /* LightsOutWhosThere.MP4 */ = {isa = PBXFileReference; lastKnownFileType = file; path = LightsOutWhosThere.MP4; sourceTree = "<group>"; };
		752BF56518E9F4010055E450 /* Narwhals.MP4 */ = {isa = PBXFileReference; lastKnownFileType = file; path = Narwhals.MP4; sourceTree = "<group>"; };
		752BF56618E9F4010055E450 /* TartarugasNinja.MP4 */ = {isa = PBXFileReference; lastKnownFileType = file; path = TartarugasNinja.MP4; sourceTree = "<group>"; };
		752BF56718E9F4010055E450 /* Videos.txt */ = {isa = PBXFileReference; fileEncoding = 4; lastKnownFileType = text; path = Videos.txt; sourceTree = "<group>"; };
		752F81C818EB2F9F003AA465 /* MediaPlayer.framework */ = {isa = PBXFileReference; lastKnownFileType = wrapper.framework; name = MediaPlayer.framework; path = System/Library/Frameworks/MediaPlayer.framework; sourceTree = SDKROOT; };
		752F81CA18EB4468003AA465 /* seta_mais.png */ = {isa = PBXFileReference; lastKnownFileType = image.png; path = seta_mais.png; sourceTree = "<group>"; };
		752F81CB18EB4468003AA465 /* seta_menos.png */ = {isa = PBXFileReference; lastKnownFileType = image.png; path = seta_menos.png; sourceTree = "<group>"; };
		7557EAF418E34A8000EFC208 /* Video.h */ = {isa = PBXFileReference; fileEncoding = 4; lastKnownFileType = sourcecode.c.h; path = Video.h; sourceTree = "<group>"; };
		7557EAF518E34A8000EFC208 /* Video.m */ = {isa = PBXFileReference; fileEncoding = 4; lastKnownFileType = sourcecode.c.objc; path = Video.m; sourceTree = "<group>"; };
		7557EAF718E34F4E00EFC208 /* Player.h */ = {isa = PBXFileReference; fileEncoding = 4; lastKnownFileType = sourcecode.c.h; path = Player.h; sourceTree = "<group>"; };
		7557EAF818E34F4E00EFC208 /* Player.m */ = {isa = PBXFileReference; fileEncoding = 4; lastKnownFileType = sourcecode.c.objc; path = Player.m; sourceTree = "<group>"; };
		7557EAFA18E34FA600EFC208 /* AVFoundation.framework */ = {isa = PBXFileReference; lastKnownFileType = wrapper.framework; name = AVFoundation.framework; path = System/Library/Frameworks/AVFoundation.framework; sourceTree = SDKROOT; };
		7557EAFC18E3695600EFC208 /* estacoes.txt */ = {isa = PBXFileReference; fileEncoding = 4; lastKnownFileType = text; path = estacoes.txt; sourceTree = "<group>"; };
		9436CE2818EC8994007266C3 /* GestoCircular.h */ = {isa = PBXFileReference; fileEncoding = 4; lastKnownFileType = sourcecode.c.h; path = GestoCircular.h; sourceTree = "<group>"; };
		9436CE2918EC8994007266C3 /* GestoCircular.m */ = {isa = PBXFileReference; fileEncoding = 4; lastKnownFileType = sourcecode.c.objc; path = GestoCircular.m; sourceTree = "<group>"; };
		9436CE2B18EC8AE9007266C3 /* RadioViewController.h */ = {isa = PBXFileReference; fileEncoding = 4; lastKnownFileType = sourcecode.c.h; path = RadioViewController.h; sourceTree = "<group>"; };
		9436CE2C18EC8AE9007266C3 /* RadioViewController.m */ = {isa = PBXFileReference; fileEncoding = 4; lastKnownFileType = sourcecode.c.objc; path = RadioViewController.m; sourceTree = "<group>"; };
		9436CE2F18EC969C007266C3 /* chiado.mp3 */ = {isa = PBXFileReference; lastKnownFileType = audio.mp3; path = chiado.mp3; sourceTree = "<group>"; };
		9436CE3018EC969C007266C3 /* procurando.mp3 */ = {isa = PBXFileReference; lastKnownFileType = audio.mp3; path = procurando.mp3; sourceTree = "<group>"; };
		9457213418E345F3004F5496 /* Raidinho Proj1.app */ = {isa = PBXFileReference; explicitFileType = wrapper.application; includeInIndex = 0; path = "Raidinho Proj1.app"; sourceTree = BUILT_PRODUCTS_DIR; };
		9457213718E345F3004F5496 /* Foundation.framework */ = {isa = PBXFileReference; lastKnownFileType = wrapper.framework; name = Foundation.framework; path = System/Library/Frameworks/Foundation.framework; sourceTree = SDKROOT; };
		9457213918E345F3004F5496 /* CoreGraphics.framework */ = {isa = PBXFileReference; lastKnownFileType = wrapper.framework; name = CoreGraphics.framework; path = System/Library/Frameworks/CoreGraphics.framework; sourceTree = SDKROOT; };
		9457213B18E345F3004F5496 /* UIKit.framework */ = {isa = PBXFileReference; lastKnownFileType = wrapper.framework; name = UIKit.framework; path = System/Library/Frameworks/UIKit.framework; sourceTree = SDKROOT; };
		9457213F18E345F3004F5496 /* Raidinho Proj1-Info.plist */ = {isa = PBXFileReference; lastKnownFileType = text.plist.xml; path = "Raidinho Proj1-Info.plist"; sourceTree = "<group>"; };
		9457214118E345F3004F5496 /* en */ = {isa = PBXFileReference; lastKnownFileType = text.plist.strings; name = en; path = en.lproj/InfoPlist.strings; sourceTree = "<group>"; };
		9457214318E345F3004F5496 /* main.m */ = {isa = PBXFileReference; lastKnownFileType = sourcecode.c.objc; path = main.m; sourceTree = "<group>"; };
		9457214518E345F3004F5496 /* Raidinho Proj1-Prefix.pch */ = {isa = PBXFileReference; lastKnownFileType = sourcecode.c.h; path = "Raidinho Proj1-Prefix.pch"; sourceTree = "<group>"; };
		9457214618E345F3004F5496 /* AppDelegate.h */ = {isa = PBXFileReference; lastKnownFileType = sourcecode.c.h; path = AppDelegate.h; sourceTree = "<group>"; };
		9457214718E345F3004F5496 /* AppDelegate.m */ = {isa = PBXFileReference; lastKnownFileType = sourcecode.c.objc; path = AppDelegate.m; sourceTree = "<group>"; };
		9457214C18E345F3004F5496 /* ViewController.h */ = {isa = PBXFileReference; lastKnownFileType = sourcecode.c.h; path = ViewController.h; sourceTree = "<group>"; };
		9457214D18E345F3004F5496 /* ViewController.m */ = {isa = PBXFileReference; lastKnownFileType = sourcecode.c.objc; path = ViewController.m; sourceTree = "<group>"; };
		9457214F18E345F3004F5496 /* Images.xcassets */ = {isa = PBXFileReference; lastKnownFileType = folder.assetcatalog; path = Images.xcassets; sourceTree = "<group>"; };
		9457215518E345F3004F5496 /* Raidinho Proj1Tests.xctest */ = {isa = PBXFileReference; explicitFileType = wrapper.cfbundle; includeInIndex = 0; path = "Raidinho Proj1Tests.xctest"; sourceTree = BUILT_PRODUCTS_DIR; };
		9457215618E345F3004F5496 /* XCTest.framework */ = {isa = PBXFileReference; lastKnownFileType = wrapper.framework; name = XCTest.framework; path = Library/Frameworks/XCTest.framework; sourceTree = DEVELOPER_DIR; };
		9457215E18E345F3004F5496 /* Raidinho Proj1Tests-Info.plist */ = {isa = PBXFileReference; lastKnownFileType = text.plist.xml; path = "Raidinho Proj1Tests-Info.plist"; sourceTree = "<group>"; };
		9457216018E345F3004F5496 /* en */ = {isa = PBXFileReference; lastKnownFileType = text.plist.strings; name = en; path = en.lproj/InfoPlist.strings; sourceTree = "<group>"; };
		9457216218E345F3004F5496 /* Raidinho_Proj1Tests.m */ = {isa = PBXFileReference; lastKnownFileType = sourcecode.c.objc; path = Raidinho_Proj1Tests.m; sourceTree = "<group>"; };
		9457216C18E34A27004F5496 /* Estacao.h */ = {isa = PBXFileReference; fileEncoding = 4; lastKnownFileType = sourcecode.c.h; path = Estacao.h; sourceTree = "<group>"; };
		9457216D18E34A27004F5496 /* Estacao.m */ = {isa = PBXFileReference; fileEncoding = 4; lastKnownFileType = sourcecode.c.objc; path = Estacao.m; sourceTree = "<group>"; };
		9457217218E350DD004F5496 /* GestoEmL.h */ = {isa = PBXFileReference; fileEncoding = 4; lastKnownFileType = sourcecode.c.h; path = GestoEmL.h; sourceTree = "<group>"; };
		9457217318E350DD004F5496 /* GestoEmL.m */ = {isa = PBXFileReference; fileEncoding = 4; lastKnownFileType = sourcecode.c.objc; path = GestoEmL.m; sourceTree = "<group>"; };
		CD2486D618EC9FC5004BF507 /* icon.png */ = {isa = PBXFileReference; lastKnownFileType = image.png; path = icon.png; sourceTree = "<group>"; };
		CD2486DC18ECA2CE004BF507 /* play.png */ = {isa = PBXFileReference; lastKnownFileType = image.png; path = play.png; sourceTree = "<group>"; };
		CD2486DE18ECAA59004BF507 /* titulo.png */ = {isa = PBXFileReference; lastKnownFileType = image.png; path = titulo.png; sourceTree = "<group>"; };
		CD73031018EA07B1002C659F /* circleGesure.png */ = {isa = PBXFileReference; lastKnownFileType = image.png; path = circleGesure.png; sourceTree = "<group>"; };
		CD73031118EA07B1002C659F /* doubleTap.png */ = {isa = PBXFileReference; lastKnownFileType = image.png; path = doubleTap.png; sourceTree = "<group>"; };
		CD73031218EA07B1002C659F /* longGesture.png */ = {isa = PBXFileReference; lastKnownFileType = image.png; path = longGesture.png; sourceTree = "<group>"; };
		CD73031318EA07B1002C659F /* seta_voltar.png */ = {isa = PBXFileReference; lastKnownFileType = image.png; path = seta_voltar.png; sourceTree = "<group>"; };
		CD73031418EA07B1002C659F /* singleTap.png */ = {isa = PBXFileReference; lastKnownFileType = image.png; path = singleTap.png; sourceTree = "<group>"; };
		CD73031518EA07B1002C659F /* squareGesure.png */ = {isa = PBXFileReference; lastKnownFileType = image.png; path = squareGesure.png; sourceTree = "<group>"; };
		CDF485DD18E61D53001A7F45 /* botao.png */ = {isa = PBXFileReference; lastKnownFileType = image.png; path = botao.png; sourceTree = "<group>"; };
		CDF485DE18E61D53001A7F45 /* caixa_btns.png */ = {isa = PBXFileReference; lastKnownFileType = image.png; path = caixa_btns.png; sourceTree = "<group>"; };
		CDF485DF18E61D53001A7F45 /* caixa_titulo.png */ = {isa = PBXFileReference; lastKnownFileType = image.png; path = caixa_titulo.png; sourceTree = "<group>"; };
		CDF485E018E61D53001A7F45 /* fundo.png */ = {isa = PBXFileReference; lastKnownFileType = image.png; path = fundo.png; sourceTree = "<group>"; };
		CDF485E118E61D53001A7F45 /* meio.png */ = {isa = PBXFileReference; lastKnownFileType = image.png; path = meio.png; sourceTree = "<group>"; };
		CDF485E918E61E18001A7F45 /* Main.storyboard */ = {isa = PBXFileReference; fileEncoding = 4; lastKnownFileType = file.storyboard; path = Main.storyboard; sourceTree = "<group>"; };
/* End PBXFileReference section */

/* Begin PBXFrameworksBuildPhase section */
		9457213118E345F3004F5496 /* Frameworks */ = {
			isa = PBXFrameworksBuildPhase;
			buildActionMask = 2147483647;
			files = (
				752F81C918EB2F9F003AA465 /* MediaPlayer.framework in Frameworks */,
				7557EAFB18E34FA600EFC208 /* AVFoundation.framework in Frameworks */,
				9457213A18E345F3004F5496 /* CoreGraphics.framework in Frameworks */,
				9457213C18E345F3004F5496 /* UIKit.framework in Frameworks */,
				9457213818E345F3004F5496 /* Foundation.framework in Frameworks */,
			);
			runOnlyForDeploymentPostprocessing = 0;
		};
		9457215218E345F3004F5496 /* Frameworks */ = {
			isa = PBXFrameworksBuildPhase;
			buildActionMask = 2147483647;
			files = (
				9457215718E345F3004F5496 /* XCTest.framework in Frameworks */,
				9457215918E345F3004F5496 /* UIKit.framework in Frameworks */,
				9457215818E345F3004F5496 /* Foundation.framework in Frameworks */,
			);
			runOnlyForDeploymentPostprocessing = 0;
		};
/* End PBXFrameworksBuildPhase section */

/* Begin PBXGroup section */
		752BF56118E9F4010055E450 /* Videos */ = {
			isa = PBXGroup;
			children = (
				752BF56218E9F4010055E450 /* Iphone5S.MP4 */,
				752BF56418E9F4010055E450 /* LightsOutWhosThere.MP4 */,
				752BF56518E9F4010055E450 /* Narwhals.MP4 */,
				752BF56618E9F4010055E450 /* TartarugasNinja.MP4 */,
				752BF56718E9F4010055E450 /* Videos.txt */,
			);
			path = Videos;
			sourceTree = "<group>";
		};
		9436CE2E18EC969C007266C3 /* Sons */ = {
			isa = PBXGroup;
			children = (
				9436CE2F18EC969C007266C3 /* chiado.mp3 */,
				9436CE3018EC969C007266C3 /* procurando.mp3 */,
			);
			path = Sons;
			sourceTree = "<group>";
		};
		9457212B18E345F3004F5496 = {
			isa = PBXGroup;
			children = (
				9457213D18E345F3004F5496 /* Raidinho Proj1 */,
				9457215C18E345F3004F5496 /* Raidinho Proj1Tests */,
				9457213618E345F3004F5496 /* Frameworks */,
				9457213518E345F3004F5496 /* Products */,
			);
			sourceTree = "<group>";
		};
		9457213518E345F3004F5496 /* Products */ = {
			isa = PBXGroup;
			children = (
				9457213418E345F3004F5496 /* Raidinho Proj1.app */,
				9457215518E345F3004F5496 /* Raidinho Proj1Tests.xctest */,
			);
			name = Products;
			sourceTree = "<group>";
		};
		9457213618E345F3004F5496 /* Frameworks */ = {
			isa = PBXGroup;
			children = (
				752F81C818EB2F9F003AA465 /* MediaPlayer.framework */,
				7557EAFA18E34FA600EFC208 /* AVFoundation.framework */,
				9457213718E345F3004F5496 /* Foundation.framework */,
				9457213918E345F3004F5496 /* CoreGraphics.framework */,
				9457213B18E345F3004F5496 /* UIKit.framework */,
				9457215618E345F3004F5496 /* XCTest.framework */,
			);
			name = Frameworks;
			sourceTree = "<group>";
		};
		9457213D18E345F3004F5496 /* Raidinho Proj1 */ = {
			isa = PBXGroup;
			children = (
				7557EAFC18E3695600EFC208 /* estacoes.txt */,
				9457217218E350DD004F5496 /* GestoEmL.h */,
				9457217318E350DD004F5496 /* GestoEmL.m */,
				9457214618E345F3004F5496 /* AppDelegate.h */,
				9457214718E345F3004F5496 /* AppDelegate.m */,
				CDF485E918E61E18001A7F45 /* Main.storyboard */,
				9436CE2B18EC8AE9007266C3 /* RadioViewController.h */,
				9436CE2C18EC8AE9007266C3 /* RadioViewController.m */,
				9457214C18E345F3004F5496 /* ViewController.h */,
				9457214D18E345F3004F5496 /* ViewController.m */,
				7557EAF418E34A8000EFC208 /* Video.h */,
				7557EAF718E34F4E00EFC208 /* Player.h */,
				7557EAF818E34F4E00EFC208 /* Player.m */,
				7557EAF518E34A8000EFC208 /* Video.m */,
				9457214F18E345F3004F5496 /* Images.xcassets */,
				9457216C18E34A27004F5496 /* Estacao.h */,
				9457216D18E34A27004F5496 /* Estacao.m */,
				9436CE2818EC8994007266C3 /* GestoCircular.h */,
				9436CE2918EC8994007266C3 /* GestoCircular.m */,
				9457213E18E345F3004F5496 /* Supporting Files */,
			);
			path = "Raidinho Proj1";
			sourceTree = "<group>";
		};
		9457213E18E345F3004F5496 /* Supporting Files */ = {
			isa = PBXGroup;
			children = (
				9436CE2E18EC969C007266C3 /* Sons */,
				752BF56118E9F4010055E450 /* Videos */,
				CD75102118E377DB009DC1BA /* imagens */,
				9457213F18E345F3004F5496 /* Raidinho Proj1-Info.plist */,
				9457214018E345F3004F5496 /* InfoPlist.strings */,
				9457214318E345F3004F5496 /* main.m */,
				9457214518E345F3004F5496 /* Raidinho Proj1-Prefix.pch */,
			);
			name = "Supporting Files";
			sourceTree = "<group>";
		};
		9457215C18E345F3004F5496 /* Raidinho Proj1Tests */ = {
			isa = PBXGroup;
			children = (
				9457216218E345F3004F5496 /* Raidinho_Proj1Tests.m */,
				9457215D18E345F3004F5496 /* Supporting Files */,
			);
			path = "Raidinho Proj1Tests";
			sourceTree = "<group>";
		};
		9457215D18E345F3004F5496 /* Supporting Files */ = {
			isa = PBXGroup;
			children = (
				9457215E18E345F3004F5496 /* Raidinho Proj1Tests-Info.plist */,
				9457215F18E345F3004F5496 /* InfoPlist.strings */,
			);
			name = "Supporting Files";
			sourceTree = "<group>";
		};
		CD75102118E377DB009DC1BA /* imagens */ = {
			isa = PBXGroup;
			children = (
				CD2486DE18ECAA59004BF507 /* titulo.png */,
				CD2486DC18ECA2CE004BF507 /* play.png */,
				CD2486D618EC9FC5004BF507 /* icon.png */,
				752F81CA18EB4468003AA465 /* seta_mais.png */,
				752F81CB18EB4468003AA465 /* seta_menos.png */,
				CD73031018EA07B1002C659F /* circleGesure.png */,
				CD73031118EA07B1002C659F /* doubleTap.png */,
				CD73031218EA07B1002C659F /* longGesture.png */,
				CD73031318EA07B1002C659F /* seta_voltar.png */,
				CD73031418EA07B1002C659F /* singleTap.png */,
				CD73031518EA07B1002C659F /* squareGesure.png */,
				CDF485DD18E61D53001A7F45 /* botao.png */,
				CDF485DE18E61D53001A7F45 /* caixa_btns.png */,
				CDF485DF18E61D53001A7F45 /* caixa_titulo.png */,
				CDF485E018E61D53001A7F45 /* fundo.png */,
				CDF485E118E61D53001A7F45 /* meio.png */,
			);
			path = imagens;
			sourceTree = "<group>";
		};
/* End PBXGroup section */

/* Begin PBXNativeTarget section */
		9457213318E345F3004F5496 /* Raidinho Proj1 */ = {
			isa = PBXNativeTarget;
			buildConfigurationList = 9457216618E345F3004F5496 /* Build configuration list for PBXNativeTarget "Raidinho Proj1" */;
			buildPhases = (
				9457213018E345F3004F5496 /* Sources */,
				9457213118E345F3004F5496 /* Frameworks */,
				9457213218E345F3004F5496 /* Resources */,
			);
			buildRules = (
			);
			dependencies = (
			);
			name = "Raidinho Proj1";
			productName = "Raidinho Proj1";
			productReference = 9457213418E345F3004F5496 /* Raidinho Proj1.app */;
			productType = "com.apple.product-type.application";
		};
		9457215418E345F3004F5496 /* Raidinho Proj1Tests */ = {
			isa = PBXNativeTarget;
			buildConfigurationList = 9457216918E345F3004F5496 /* Build configuration list for PBXNativeTarget "Raidinho Proj1Tests" */;
			buildPhases = (
				9457215118E345F3004F5496 /* Sources */,
				9457215218E345F3004F5496 /* Frameworks */,
				9457215318E345F3004F5496 /* Resources */,
			);
			buildRules = (
			);
			dependencies = (
				9457215B18E345F3004F5496 /* PBXTargetDependency */,
			);
			name = "Raidinho Proj1Tests";
			productName = "Raidinho Proj1Tests";
			productReference = 9457215518E345F3004F5496 /* Raidinho Proj1Tests.xctest */;
			productType = "com.apple.product-type.bundle.unit-test";
		};
/* End PBXNativeTarget section */

/* Begin PBXProject section */
		9457212C18E345F3004F5496 /* Project object */ = {
			isa = PBXProject;
			attributes = {
				LastUpgradeCheck = 0500;
				ORGANIZATIONNAME = "LEONARDO DE SOUSA MENDES";
				TargetAttributes = {
					9457215418E345F3004F5496 = {
						TestTargetID = 9457213318E345F3004F5496;
					};
				};
			};
			buildConfigurationList = 9457212F18E345F3004F5496 /* Build configuration list for PBXProject "Raidinho Proj1" */;
			compatibilityVersion = "Xcode 3.2";
			developmentRegion = English;
			hasScannedForEncodings = 0;
			knownRegions = (
				en,
				Base,
			);
			mainGroup = 9457212B18E345F3004F5496;
			productRefGroup = 9457213518E345F3004F5496 /* Products */;
			projectDirPath = "";
			projectRoot = "";
			targets = (
				9457213318E345F3004F5496 /* Raidinho Proj1 */,
				9457215418E345F3004F5496 /* Raidinho Proj1Tests */,
			);
		};
/* End PBXProject section */

/* Begin PBXResourcesBuildPhase section */
		9457213218E345F3004F5496 /* Resources */ = {
			isa = PBXResourcesBuildPhase;
			buildActionMask = 2147483647;
			files = (
				CD73031A18EA07B1002C659F /* singleTap.png in Resources */,
				9436CE3218EC969C007266C3 /* procurando.mp3 in Resources */,
				CD73031718EA07B1002C659F /* doubleTap.png in Resources */,
				CDF485E518E61D53001A7F45 /* fundo.png in Resources */,
				CD2486DF18ECAA59004BF507 /* titulo.png in Resources */,
				CDF485E418E61D53001A7F45 /* caixa_titulo.png in Resources */,
				752BF56D18E9F4010055E450 /* Videos.txt in Resources */,
				CD73031818EA07B1002C659F /* longGesture.png in Resources */,
				752BF56818E9F4010055E450 /* Iphone5S.MP4 in Resources */,
				CDF485E618E61D53001A7F45 /* meio.png in Resources */,
				9457215018E345F3004F5496 /* Images.xcassets in Resources */,
				CD73031618EA07B1002C659F /* circleGesure.png in Resources */,
				752BF56A18E9F4010055E450 /* LightsOutWhosThere.MP4 in Resources */,
				CD73031B18EA07B1002C659F /* squareGesure.png in Resources */,
				CDF485E318E61D53001A7F45 /* caixa_btns.png in Resources */,
				CD2486D918EC9FC5004BF507 /* icon.png in Resources */,
				752F81CD18EB4468003AA465 /* seta_menos.png in Resources */,
				CDF485E218E61D53001A7F45 /* botao.png in Resources */,
				CD73031918EA07B1002C659F /* seta_voltar.png in Resources */,
				752F81CC18EB4468003AA465 /* seta_mais.png in Resources */,
				CDF485EA18E61E18001A7F45 /* Main.storyboard in Resources */,
				752BF56C18E9F4010055E450 /* TartarugasNinja.MP4 in Resources */,
				CD2486DD18ECA2CE004BF507 /* play.png in Resources */,
				752BF56B18E9F4010055E450 /* Narwhals.MP4 in Resources */,
				7557EAFD18E3695600EFC208 /* estacoes.txt in Resources */,
				9457214218E345F3004F5496 /* InfoPlist.strings in Resources */,
				9436CE3118EC969C007266C3 /* chiado.mp3 in Resources */,
			);
			runOnlyForDeploymentPostprocessing = 0;
		};
		9457215318E345F3004F5496 /* Resources */ = {
			isa = PBXResourcesBuildPhase;
			buildActionMask = 2147483647;
			files = (
				9457216118E345F3004F5496 /* InfoPlist.strings in Resources */,
			);
			runOnlyForDeploymentPostprocessing = 0;
		};
/* End PBXResourcesBuildPhase section */

/* Begin PBXSourcesBuildPhase section */
		9457213018E345F3004F5496 /* Sources */ = {
			isa = PBXSourcesBuildPhase;
			buildActionMask = 2147483647;
			files = (
				9457216E18E34A27004F5496 /* Estacao.m in Sources */,
				9436CE2A18EC8994007266C3 /* GestoCircular.m in Sources */,
				9457217418E350DD004F5496 /* GestoEmL.m in Sources */,
				9457214E18E345F3004F5496 /* ViewController.m in Sources */,
				7557EAF618E34A8000EFC208 /* Video.m in Sources */,
				9457214818E345F3004F5496 /* AppDelegate.m in Sources */,
				9436CE2D18EC8AE9007266C3 /* RadioViewController.m in Sources */,
				7557EAF918E34F4E00EFC208 /* Player.m in Sources */,
				9457214418E345F3004F5496 /* main.m in Sources */,
			);
			runOnlyForDeploymentPostprocessing = 0;
		};
		9457215118E345F3004F5496 /* Sources */ = {
			isa = PBXSourcesBuildPhase;
			buildActionMask = 2147483647;
			files = (
				9457216318E345F3004F5496 /* Raidinho_Proj1Tests.m in Sources */,
			);
			runOnlyForDeploymentPostprocessing = 0;
		};
/* End PBXSourcesBuildPhase section */

/* Begin PBXTargetDependency section */
		9457215B18E345F3004F5496 /* PBXTargetDependency */ = {
			isa = PBXTargetDependency;
			target = 9457213318E345F3004F5496 /* Raidinho Proj1 */;
			targetProxy = 9457215A18E345F3004F5496 /* PBXContainerItemProxy */;
		};
/* End PBXTargetDependency section */

/* Begin PBXVariantGroup section */
		9457214018E345F3004F5496 /* InfoPlist.strings */ = {
			isa = PBXVariantGroup;
			children = (
				9457214118E345F3004F5496 /* en */,
			);
			name = InfoPlist.strings;
			sourceTree = "<group>";
		};
		9457215F18E345F3004F5496 /* InfoPlist.strings */ = {
			isa = PBXVariantGroup;
			children = (
				9457216018E345F3004F5496 /* en */,
			);
			name = InfoPlist.strings;
			sourceTree = "<group>";
		};
/* End PBXVariantGroup section */

/* Begin XCBuildConfiguration section */
		9457216418E345F3004F5496 /* Debug */ = {
			isa = XCBuildConfiguration;
			buildSettings = {
				ALWAYS_SEARCH_USER_PATHS = NO;
				ARCHS = "$(ARCHS_STANDARD_INCLUDING_64_BIT)";
				CLANG_CXX_LANGUAGE_STANDARD = "gnu++0x";
				CLANG_CXX_LIBRARY = "libc++";
				CLANG_ENABLE_MODULES = YES;
				CLANG_ENABLE_OBJC_ARC = YES;
				CLANG_WARN_BOOL_CONVERSION = YES;
				CLANG_WARN_CONSTANT_CONVERSION = YES;
				CLANG_WARN_DIRECT_OBJC_ISA_USAGE = YES_ERROR;
				CLANG_WARN_EMPTY_BODY = YES;
				CLANG_WARN_ENUM_CONVERSION = YES;
				CLANG_WARN_INT_CONVERSION = YES;
				CLANG_WARN_OBJC_ROOT_CLASS = YES_ERROR;
				CLANG_WARN__DUPLICATE_METHOD_MATCH = YES;
				"CODE_SIGN_IDENTITY[sdk=iphoneos*]" = "iPhone Developer";
				COPY_PHASE_STRIP = NO;
				GCC_C_LANGUAGE_STANDARD = gnu99;
				GCC_DYNAMIC_NO_PIC = NO;
				GCC_OPTIMIZATION_LEVEL = 0;
				GCC_PREPROCESSOR_DEFINITIONS = (
					"DEBUG=1",
					"$(inherited)",
				);
				GCC_SYMBOLS_PRIVATE_EXTERN = NO;
				GCC_WARN_64_TO_32_BIT_CONVERSION = YES;
				GCC_WARN_ABOUT_RETURN_TYPE = YES_ERROR;
				GCC_WARN_UNDECLARED_SELECTOR = YES;
				GCC_WARN_UNINITIALIZED_AUTOS = YES;
				GCC_WARN_UNUSED_FUNCTION = YES;
				GCC_WARN_UNUSED_VARIABLE = YES;
				IPHONEOS_DEPLOYMENT_TARGET = 7.0;
				ONLY_ACTIVE_ARCH = YES;
				SDKROOT = iphoneos;
			};
			name = Debug;
		};
		9457216518E345F3004F5496 /* Release */ = {
			isa = XCBuildConfiguration;
			buildSettings = {
				ALWAYS_SEARCH_USER_PATHS = NO;
				ARCHS = "$(ARCHS_STANDARD_INCLUDING_64_BIT)";
				CLANG_CXX_LANGUAGE_STANDARD = "gnu++0x";
				CLANG_CXX_LIBRARY = "libc++";
				CLANG_ENABLE_MODULES = YES;
				CLANG_ENABLE_OBJC_ARC = YES;
				CLANG_WARN_BOOL_CONVERSION = YES;
				CLANG_WARN_CONSTANT_CONVERSION = YES;
				CLANG_WARN_DIRECT_OBJC_ISA_USAGE = YES_ERROR;
				CLANG_WARN_EMPTY_BODY = YES;
				CLANG_WARN_ENUM_CONVERSION = YES;
				CLANG_WARN_INT_CONVERSION = YES;
				CLANG_WARN_OBJC_ROOT_CLASS = YES_ERROR;
				CLANG_WARN__DUPLICATE_METHOD_MATCH = YES;
				"CODE_SIGN_IDENTITY[sdk=iphoneos*]" = "iPhone Developer";
				COPY_PHASE_STRIP = YES;
				ENABLE_NS_ASSERTIONS = NO;
				GCC_C_LANGUAGE_STANDARD = gnu99;
				GCC_WARN_64_TO_32_BIT_CONVERSION = YES;
				GCC_WARN_ABOUT_RETURN_TYPE = YES_ERROR;
				GCC_WARN_UNDECLARED_SELECTOR = YES;
				GCC_WARN_UNINITIALIZED_AUTOS = YES;
				GCC_WARN_UNUSED_FUNCTION = YES;
				GCC_WARN_UNUSED_VARIABLE = YES;
				IPHONEOS_DEPLOYMENT_TARGET = 7.0;
				SDKROOT = iphoneos;
				VALIDATE_PRODUCT = YES;
			};
			name = Release;
		};
		9457216718E345F3004F5496 /* Debug */ = {
			isa = XCBuildConfiguration;
			buildSettings = {
				ASSETCATALOG_COMPILER_APPICON_NAME = AppIcon;
				ASSETCATALOG_COMPILER_LAUNCHIMAGE_NAME = LaunchImage;
				GCC_PRECOMPILE_PREFIX_HEADER = YES;
				GCC_PREFIX_HEADER = "Raidinho Proj1/Raidinho Proj1-Prefix.pch";
				INFOPLIST_FILE = "Raidinho Proj1/Raidinho Proj1-Info.plist";
				IPHONEOS_DEPLOYMENT_TARGET = 7.0;
				PRODUCT_NAME = "$(TARGET_NAME)";
				TARGETED_DEVICE_FAMILY = "1,2";
				WRAPPER_EXTENSION = app;
			};
			name = Debug;
		};
		9457216818E345F3004F5496 /* Release */ = {
			isa = XCBuildConfiguration;
			buildSettings = {
				ASSETCATALOG_COMPILER_APPICON_NAME = AppIcon;
				ASSETCATALOG_COMPILER_LAUNCHIMAGE_NAME = LaunchImage;
				GCC_PRECOMPILE_PREFIX_HEADER = YES;
				GCC_PREFIX_HEADER = "Raidinho Proj1/Raidinho Proj1-Prefix.pch";
				INFOPLIST_FILE = "Raidinho Proj1/Raidinho Proj1-Info.plist";
				IPHONEOS_DEPLOYMENT_TARGET = 7.0;
				PRODUCT_NAME = "$(TARGET_NAME)";
				TARGETED_DEVICE_FAMILY = "1,2";
				WRAPPER_EXTENSION = app;
			};
			name = Release;
		};
		9457216A18E345F3004F5496 /* Debug */ = {
			isa = XCBuildConfiguration;
			buildSettings = {
				ARCHS = "$(ARCHS_STANDARD_INCLUDING_64_BIT)";
				BUNDLE_LOADER = "$(BUILT_PRODUCTS_DIR)/Raidinho Proj1.app/Raidinho Proj1";
				FRAMEWORK_SEARCH_PATHS = (
					"$(SDKROOT)/Developer/Library/Frameworks",
					"$(inherited)",
					"$(DEVELOPER_FRAMEWORKS_DIR)",
				);
				GCC_PRECOMPILE_PREFIX_HEADER = YES;
				GCC_PREFIX_HEADER = "Raidinho Proj1/Raidinho Proj1-Prefix.pch";
				GCC_PREPROCESSOR_DEFINITIONS = (
					"DEBUG=1",
					"$(inherited)",
				);
				INFOPLIST_FILE = "Raidinho Proj1Tests/Raidinho Proj1Tests-Info.plist";
				PRODUCT_NAME = "$(TARGET_NAME)";
				TEST_HOST = "$(BUNDLE_LOADER)";
				WRAPPER_EXTENSION = xctest;
			};
			name = Debug;
		};
		9457216B18E345F3004F5496 /* Release */ = {
			isa = XCBuildConfiguration;
			buildSettings = {
				ARCHS = "$(ARCHS_STANDARD_INCLUDING_64_BIT)";
				BUNDLE_LOADER = "$(BUILT_PRODUCTS_DIR)/Raidinho Proj1.app/Raidinho Proj1";
				FRAMEWORK_SEARCH_PATHS = (
					"$(SDKROOT)/Developer/Library/Frameworks",
					"$(inherited)",
					"$(DEVELOPER_FRAMEWORKS_DIR)",
				);
				GCC_PRECOMPILE_PREFIX_HEADER = YES;
				GCC_PREFIX_HEADER = "Raidinho Proj1/Raidinho Proj1-Prefix.pch";
				INFOPLIST_FILE = "Raidinho Proj1Tests/Raidinho Proj1Tests-Info.plist";
				PRODUCT_NAME = "$(TARGET_NAME)";
				TEST_HOST = "$(BUNDLE_LOADER)";
				WRAPPER_EXTENSION = xctest;
			};
			name = Release;
		};
/* End XCBuildConfiguration section */

/* Begin XCConfigurationList section */
		9457212F18E345F3004F5496 /* Build configuration list for PBXProject "Raidinho Proj1" */ = {
			isa = XCConfigurationList;
			buildConfigurations = (
				9457216418E345F3004F5496 /* Debug */,
				9457216518E345F3004F5496 /* Release */,
			);
			defaultConfigurationIsVisible = 0;
			defaultConfigurationName = Release;
		};
		9457216618E345F3004F5496 /* Build configuration list for PBXNativeTarget "Raidinho Proj1" */ = {
			isa = XCConfigurationList;
			buildConfigurations = (
				9457216718E345F3004F5496 /* Debug */,
				9457216818E345F3004F5496 /* Release */,
			);
			defaultConfigurationIsVisible = 0;
			defaultConfigurationName = Release;
		};
		9457216918E345F3004F5496 /* Build configuration list for PBXNativeTarget "Raidinho Proj1Tests" */ = {
			isa = XCConfigurationList;
			buildConfigurations = (
				9457216A18E345F3004F5496 /* Debug */,
				9457216B18E345F3004F5496 /* Release */,
			);
			defaultConfigurationIsVisible = 0;
			defaultConfigurationName = Release;
		};
/* End XCConfigurationList section */
	};
	rootObject = 9457212C18E345F3004F5496 /* Project object */;
}
